
Microsoft Visual Studio Solution File, Format Version 12.00
# Visual Studio Version 16
VisualStudioVersion = 16.0.30611.23
MinimumVisualStudioVersion = 10.0.40219.1
Project("{FAE04EC0-301F-11D3-BF4B-00C04F79EFBC}") = "ProjectEuler", "ProjectEuler\ProjectEuler.csproj", "{CB36562D-BB9B-4C80-9F83-E786BDEA1098}"
EndProject
Global
	GlobalSection(SolutionConfigurationPlatforms) = preSolution
		Debug|Any CPU = Debug|Any CPU
		Release|Any CPU = Release|Any CPU
	EndGlobalSection
	GlobalSection(ProjectConfigurationPlatforms) = postSolution
		{CB36562D-BB9B-4C80-9F83-E786BDEA1098}.Debug|Any CPU.ActiveCfg = Debug|Any CPU
		{CB36562D-BB9B-4C80-9F83-E786BDEA1098}.Debug|Any CPU.Build.0 = Debug|Any CPU
		{CB36562D-BB9B-4C80-9F83-E786BDEA1098}.Release|Any CPU.ActiveCfg = Release|Any CPU
		{CB36562D-BB9B-4C80-9F83-E786BDEA1098}.Release|Any CPU.Build.0 = Release|Any CPU
	EndGlobalSection
	GlobalSection(SolutionProperties) = preSolution
		HideSolutionNode = FALSE
	EndGlobalSection
	GlobalSection(ExtensibilityGlobals) = postSolution
		SolutionGuid = {5DB59CDD-0ACB-47AB-AD5B-E469110B8036}
	EndGlobalSection
EndGlobal
